
Microsoft Visual Studio Solution File, Format Version 12.00
# Visual Studio Version 17
VisualStudioVersion = 17.8.34316.72
MinimumVisualStudioVersion = 10.0.40219.1
Project("{2150E333-8FDC-42A3-9474-1A3956D46DE8}") = "Core", "Core", "{1AB377C7-893E-4CF2-A672-E5C48B85853F}"
EndProject
Project("{2150E333-8FDC-42A3-9474-1A3956D46DE8}") = "Structs", "Structs", "{0BBB72DC-FCC2-46E1-8F11-D7FB1C4F2847}"
EndProject
Project("{9A19103F-16F7-4668-BE54-9A1E7A4F7556}") = "StoneKit.Core.Structs.Maybe", "Core\Structs\Maybe\StoneKit.Core.Structs.Maybe.csproj", "{67599B89-06A6-4274-951A-2E90AAEE7F7A}"
EndProject
Project("{2150E333-8FDC-42A3-9474-1A3956D46DE8}") = "Reflection", "Reflection", "{BD6B5EDB-E8A4-4565-8403-9D97221B98B8}"
EndProject
Project("{2150E333-8FDC-42A3-9474-1A3956D46DE8}") = "Utilities", "Utilities", "{1A13D217-C865-4DDF-A199-C7A048302703}"
EndProject
Project("{9A19103F-16F7-4668-BE54-9A1E7A4F7556}") = "StoneKit.Core.Utilities", "Core\Utilities\StoneKit.Core.Utilities\StoneKit.Core.Utilities.csproj", "{E6642F9C-A825-451B-90F3-242A0E9B5BF8}"
EndProject
Project("{2150E333-8FDC-42A3-9474-1A3956D46DE8}") = "Tests", "Tests", "{FA769FEB-B2AE-4860-B0B7-30F6E4293901}"
EndProject
Project("{9A19103F-16F7-4668-BE54-9A1E7A4F7556}") = "StoneKit.Core.Structs.Tests", "Core\Structs\StoneKit.Core.Structs.Tests\StoneKit.Core.Structs.Tests.csproj", "{2D307C67-B2F4-4D19-AD59-24252481077B}"
EndProject
Project("{9A19103F-16F7-4668-BE54-9A1E7A4F7556}") = "StoneKit.Core.Structs.TypePair", "Core\Structs\StoneKit.Core.Structs.TypePair\StoneKit.Core.Structs.TypePair.csproj", "{7A564A37-6DE9-4F20-91C9-1217EADB72E8}"
EndProject
Project("{9A19103F-16F7-4668-BE54-9A1E7A4F7556}") = "StoneKit.Core.Reflection.Tests", "Core\Reflection\StoneKit.Core.Reflection.Tests\StoneKit.Core.Reflection.Tests.csproj", "{EA201755-6874-4F8A-AFD1-3DF15247929C}"
EndProject
Project("{9A19103F-16F7-4668-BE54-9A1E7A4F7556}") = "StoneKit.Core.Reflection", "Core\Reflection\StoneKit.Core.Reflection\StoneKit.Core.Reflection.csproj", "{05635650-B6F7-40DE-A469-7EB28D3E76EC}"
EndProject
Project("{2150E333-8FDC-42A3-9474-1A3956D46DE8}") = "Solution Items", "Solution Items", "{DBDD8DEC-D83C-472F-B39E-48DA7B6481D6}"
	ProjectSection(SolutionItems) = preProject
		.gitattributes = .gitattributes
		.gitignore = .gitignore
		CommonProperties.targets = CommonProperties.targets
		LICENSE = LICENSE
		publish.cmd = publish.cmd
		README.md = README.md
	EndProjectSection
EndProject
Project("{2150E333-8FDC-42A3-9474-1A3956D46DE8}") = "Mapper", "Mapper", "{FE7816DE-E540-46B3-9FB3-328C7AED77A7}"
EndProject
Project("{9A19103F-16F7-4668-BE54-9A1E7A4F7556}") = "StoneKit.TransverseMapper", "Mapper\StoneKit.TransverseMapper\StoneKit.TransverseMapper.csproj", "{E389C4CC-99C5-44EA-9EC7-DF5508893ED5}"
EndProject
Project("{2150E333-8FDC-42A3-9474-1A3956D46DE8}") = "Common", "Common", "{266F7601-5B15-4BF0-AE89-F3EE68B3F457}"
EndProject
Project("{9A19103F-16F7-4668-BE54-9A1E7A4F7556}") = "StoneKit.Core.Common.Tests", "Core\Common\StoneKit.Core.Common.Tests\StoneKit.Core.Common.Tests.csproj", "{D380A08B-F0F0-4E16-BD77-E0B9473D9765}"
EndProject
Project("{9A19103F-16F7-4668-BE54-9A1E7A4F7556}") = "StoneKit.Core.Common", "Core\Common\StoneKit.Core.Common\StoneKit.Core.Common.csproj", "{7A4A3C20-3712-49D3-B86D-2AD94EE5BF82}"
EndProject
Project("{9A19103F-16F7-4668-BE54-9A1E7A4F7556}") = "StoneKit.TransverseMapper.Tests", "Mapper\StoneKit.TransverseMapper.Tests\StoneKit.TransverseMapper.Tests.csproj", "{27543EA6-448E-434F-B7F2-0DA662710E9B}"
EndProject
Project("{9A19103F-16F7-4668-BE54-9A1E7A4F7556}") = "StoneKit.TransverseMapper.Benchmark", "Mapper\StoneKit.TransverseMapper.Benchmark\StoneKit.TransverseMapper.Benchmark.csproj", "{09272A66-609F-43CB-95C2-025E7B372617}"
EndProject
Project("{2150E333-8FDC-42A3-9474-1A3956D46DE8}") = "Utilities", "Utilities", "{E5EFF118-5259-4DB4-9E31-7148E35160FC}"
EndProject
Project("{FAE04EC0-301F-11D3-BF4B-00C04F79EFBC}") = "StoneKit.Utilities.CleanUp", "StoneKit.Utilities\StoneKit.Utilities.CleanUp\StoneKit.Utilities.CleanUp.csproj", "{EC24B83C-734C-4F99-82D9-2A67B175B9F9}"
EndProject
Project("{2150E333-8FDC-42A3-9474-1A3956D46DE8}") = "Configuration", "Configuration", "{7E229A24-1D26-4DAB-98A5-6DD30CB437F0}"
EndProject
Project("{FAE04EC0-301F-11D3-BF4B-00C04F79EFBC}") = "StoneKit.Configuration.IniParser", "Configuration\StoneKit.Configuration.IniParser\StoneKit.Configuration.IniParser.csproj", "{E83BDBF5-33A7-451C-AB05-C7CB2220356F}"
EndProject
Global
	GlobalSection(SolutionConfigurationPlatforms) = preSolution
		Debug|Any CPU = Debug|Any CPU
		Release|Any CPU = Release|Any CPU
	EndGlobalSection
	GlobalSection(ProjectConfigurationPlatforms) = postSolution
		{67599B89-06A6-4274-951A-2E90AAEE7F7A}.Debug|Any CPU.ActiveCfg = Debug|Any CPU
		{67599B89-06A6-4274-951A-2E90AAEE7F7A}.Debug|Any CPU.Build.0 = Debug|Any CPU
		{67599B89-06A6-4274-951A-2E90AAEE7F7A}.Release|Any CPU.ActiveCfg = Release|Any CPU
		{67599B89-06A6-4274-951A-2E90AAEE7F7A}.Release|Any CPU.Build.0 = Release|Any CPU
		{E6642F9C-A825-451B-90F3-242A0E9B5BF8}.Debug|Any CPU.ActiveCfg = Debug|Any CPU
		{E6642F9C-A825-451B-90F3-242A0E9B5BF8}.Debug|Any CPU.Build.0 = Debug|Any CPU
		{E6642F9C-A825-451B-90F3-242A0E9B5BF8}.Release|Any CPU.ActiveCfg = Release|Any CPU
		{E6642F9C-A825-451B-90F3-242A0E9B5BF8}.Release|Any CPU.Build.0 = Release|Any CPU
		{2D307C67-B2F4-4D19-AD59-24252481077B}.Debug|Any CPU.ActiveCfg = Debug|Any CPU
		{2D307C67-B2F4-4D19-AD59-24252481077B}.Debug|Any CPU.Build.0 = Debug|Any CPU
		{2D307C67-B2F4-4D19-AD59-24252481077B}.Release|Any CPU.ActiveCfg = Release|Any CPU
		{2D307C67-B2F4-4D19-AD59-24252481077B}.Release|Any CPU.Build.0 = Release|Any CPU
		{7A564A37-6DE9-4F20-91C9-1217EADB72E8}.Debug|Any CPU.ActiveCfg = Debug|Any CPU
		{7A564A37-6DE9-4F20-91C9-1217EADB72E8}.Debug|Any CPU.Build.0 = Debug|Any CPU
		{7A564A37-6DE9-4F20-91C9-1217EADB72E8}.Release|Any CPU.ActiveCfg = Release|Any CPU
		{7A564A37-6DE9-4F20-91C9-1217EADB72E8}.Release|Any CPU.Build.0 = Release|Any CPU
		{EA201755-6874-4F8A-AFD1-3DF15247929C}.Debug|Any CPU.ActiveCfg = Debug|Any CPU
		{EA201755-6874-4F8A-AFD1-3DF15247929C}.Debug|Any CPU.Build.0 = Debug|Any CPU
		{EA201755-6874-4F8A-AFD1-3DF15247929C}.Release|Any CPU.ActiveCfg = Release|Any CPU
		{EA201755-6874-4F8A-AFD1-3DF15247929C}.Release|Any CPU.Build.0 = Release|Any CPU
		{05635650-B6F7-40DE-A469-7EB28D3E76EC}.Debug|Any CPU.ActiveCfg = Debug|Any CPU
		{05635650-B6F7-40DE-A469-7EB28D3E76EC}.Debug|Any CPU.Build.0 = Debug|Any CPU
		{05635650-B6F7-40DE-A469-7EB28D3E76EC}.Release|Any CPU.ActiveCfg = Release|Any CPU
		{05635650-B6F7-40DE-A469-7EB28D3E76EC}.Release|Any CPU.Build.0 = Release|Any CPU
		{E389C4CC-99C5-44EA-9EC7-DF5508893ED5}.Debug|Any CPU.ActiveCfg = Debug|Any CPU
		{E389C4CC-99C5-44EA-9EC7-DF5508893ED5}.Debug|Any CPU.Build.0 = Debug|Any CPU
		{E389C4CC-99C5-44EA-9EC7-DF5508893ED5}.Release|Any CPU.ActiveCfg = Release|Any CPU
		{E389C4CC-99C5-44EA-9EC7-DF5508893ED5}.Release|Any CPU.Build.0 = Release|Any CPU
		{D380A08B-F0F0-4E16-BD77-E0B9473D9765}.Debug|Any CPU.ActiveCfg = Debug|Any CPU
		{D380A08B-F0F0-4E16-BD77-E0B9473D9765}.Debug|Any CPU.Build.0 = Debug|Any CPU
		{D380A08B-F0F0-4E16-BD77-E0B9473D9765}.Release|Any CPU.ActiveCfg = Release|Any CPU
		{D380A08B-F0F0-4E16-BD77-E0B9473D9765}.Release|Any CPU.Build.0 = Release|Any CPU
		{7A4A3C20-3712-49D3-B86D-2AD94EE5BF82}.Debug|Any CPU.ActiveCfg = Debug|Any CPU
		{7A4A3C20-3712-49D3-B86D-2AD94EE5BF82}.Debug|Any CPU.Build.0 = Debug|Any CPU
		{7A4A3C20-3712-49D3-B86D-2AD94EE5BF82}.Release|Any CPU.ActiveCfg = Release|Any CPU
		{7A4A3C20-3712-49D3-B86D-2AD94EE5BF82}.Release|Any CPU.Build.0 = Release|Any CPU
		{27543EA6-448E-434F-B7F2-0DA662710E9B}.Debug|Any CPU.ActiveCfg = Debug|Any CPU
		{27543EA6-448E-434F-B7F2-0DA662710E9B}.Debug|Any CPU.Build.0 = Debug|Any CPU
		{27543EA6-448E-434F-B7F2-0DA662710E9B}.Release|Any CPU.ActiveCfg = Release|Any CPU
		{27543EA6-448E-434F-B7F2-0DA662710E9B}.Release|Any CPU.Build.0 = Release|Any CPU
		{09272A66-609F-43CB-95C2-025E7B372617}.Debug|Any CPU.ActiveCfg = Debug|Any CPU
		{09272A66-609F-43CB-95C2-025E7B372617}.Debug|Any CPU.Build.0 = Debug|Any CPU
		{09272A66-609F-43CB-95C2-025E7B372617}.Release|Any CPU.ActiveCfg = Release|Any CPU
		{09272A66-609F-43CB-95C2-025E7B372617}.Release|Any CPU.Build.0 = Release|Any CPU
		{EC24B83C-734C-4F99-82D9-2A67B175B9F9}.Debug|Any CPU.ActiveCfg = Debug|Any CPU
		{EC24B83C-734C-4F99-82D9-2A67B175B9F9}.Debug|Any CPU.Build.0 = Debug|Any CPU
		{EC24B83C-734C-4F99-82D9-2A67B175B9F9}.Release|Any CPU.ActiveCfg = Release|Any CPU
		{EC24B83C-734C-4F99-82D9-2A67B175B9F9}.Release|Any CPU.Build.0 = Release|Any CPU
		{E83BDBF5-33A7-451C-AB05-C7CB2220356F}.Debug|Any CPU.ActiveCfg = Debug|Any CPU
		{E83BDBF5-33A7-451C-AB05-C7CB2220356F}.Debug|Any CPU.Build.0 = Debug|Any CPU
		{E83BDBF5-33A7-451C-AB05-C7CB2220356F}.Release|Any CPU.ActiveCfg = Release|Any CPU
		{E83BDBF5-33A7-451C-AB05-C7CB2220356F}.Release|Any CPU.Build.0 = Release|Any CPU
	EndGlobalSection
	GlobalSection(SolutionProperties) = preSolution
		HideSolutionNode = FALSE
	EndGlobalSection
	GlobalSection(NestedProjects) = preSolution
		{0BBB72DC-FCC2-46E1-8F11-D7FB1C4F2847} = {1AB377C7-893E-4CF2-A672-E5C48B85853F}
		{67599B89-06A6-4274-951A-2E90AAEE7F7A} = {0BBB72DC-FCC2-46E1-8F11-D7FB1C4F2847}
		{BD6B5EDB-E8A4-4565-8403-9D97221B98B8} = {1AB377C7-893E-4CF2-A672-E5C48B85853F}
		{1A13D217-C865-4DDF-A199-C7A048302703} = {1AB377C7-893E-4CF2-A672-E5C48B85853F}
		{E6642F9C-A825-451B-90F3-242A0E9B5BF8} = {1A13D217-C865-4DDF-A199-C7A048302703}
		{2D307C67-B2F4-4D19-AD59-24252481077B} = {0BBB72DC-FCC2-46E1-8F11-D7FB1C4F2847}
		{7A564A37-6DE9-4F20-91C9-1217EADB72E8} = {0BBB72DC-FCC2-46E1-8F11-D7FB1C4F2847}
		{EA201755-6874-4F8A-AFD1-3DF15247929C} = {BD6B5EDB-E8A4-4565-8403-9D97221B98B8}
		{05635650-B6F7-40DE-A469-7EB28D3E76EC} = {BD6B5EDB-E8A4-4565-8403-9D97221B98B8}
		{E389C4CC-99C5-44EA-9EC7-DF5508893ED5} = {FE7816DE-E540-46B3-9FB3-328C7AED77A7}
		{266F7601-5B15-4BF0-AE89-F3EE68B3F457} = {1AB377C7-893E-4CF2-A672-E5C48B85853F}
		{D380A08B-F0F0-4E16-BD77-E0B9473D9765} = {266F7601-5B15-4BF0-AE89-F3EE68B3F457}
		{7A4A3C20-3712-49D3-B86D-2AD94EE5BF82} = {266F7601-5B15-4BF0-AE89-F3EE68B3F457}
		{27543EA6-448E-434F-B7F2-0DA662710E9B} = {FE7816DE-E540-46B3-9FB3-328C7AED77A7}
		{09272A66-609F-43CB-95C2-025E7B372617} = {FE7816DE-E540-46B3-9FB3-328C7AED77A7}
		{EC24B83C-734C-4F99-82D9-2A67B175B9F9} = {E5EFF118-5259-4DB4-9E31-7148E35160FC}
		{E83BDBF5-33A7-451C-AB05-C7CB2220356F} = {7E229A24-1D26-4DAB-98A5-6DD30CB437F0}
	EndGlobalSection
	GlobalSection(ExtensibilityGlobals) = postSolution
		SolutionGuid = {62DD61DF-EBBE-46C3-94C5-C769E05AA273}
	EndGlobalSection
EndGlobal
